
Microsoft Visual Studio Solution File, Format Version 12.00
# Visual Studio Version 17
VisualStudioVersion = 17.14.37012.4 d17.14
MinimumVisualStudioVersion = 10.0.40219.1
Project("{FAE04EC0-301F-11D3-BF4B-00C04F79EFBC}") = "ConsoleApp1", "ConsoleApp1\ConsoleApp1.csproj", "{EB81FC5D-6F84-4F29-A2BF-DC03D290DD77}"
EndProject
Global
	GlobalSection(SolutionConfigurationPlatforms) = preSolution
		Debug|Any CPU = Debug|Any CPU
		Release|Any CPU = Release|Any CPU
	EndGlobalSection
	GlobalSection(ProjectConfigurationPlatforms) = postSolution
		{EB81FC5D-6F84-4F29-A2BF-DC03D290DD77}.Debug|Any CPU.ActiveCfg = Debug|Any CPU
		{EB81FC5D-6F84-4F29-A2BF-DC03D290DD77}.Debug|Any CPU.Build.0 = Debug|Any CPU
		{EB81FC5D-6F84-4F29-A2BF-DC03D290DD77}.Release|Any CPU.ActiveCfg = Release|Any CPU
		{EB81FC5D-6F84-4F29-A2BF-DC03D290DD77}.Release|Any CPU.Build.0 = Release|Any CPU
	EndGlobalSection
	GlobalSection(SolutionProperties) = preSolution
		HideSolutionNode = FALSE
	EndGlobalSection
	GlobalSection(ExtensibilityGlobals) = postSolution
		SolutionGuid = {D346FCEE-0F42-4994-B1F5-7AD002EEE689}
	EndGlobalSection
EndGlobal
